
Microsoft Visual Studio Solution File, Format Version 12.00
# Visual Studio Version 17
VisualStudioVersion = 17.5.33530.505
MinimumVisualStudioVersion = 10.0.40219.1
Project("{FAE04EC0-301F-11D3-BF4B-00C04F79EFBC}") = "FammsMVC", "FammsMVC.csproj", "{84BE91C3-BEB6-4B08-B3A5-6635ABE72292}"
EndProject
Global
	GlobalSection(SolutionConfigurationPlatforms) = preSolution
		Debug|Any CPU = Debug|Any CPU
		Release|Any CPU = Release|Any CPU
	EndGlobalSection
	GlobalSection(ProjectConfigurationPlatforms) = postSolution
		{84BE91C3-BEB6-4B08-B3A5-6635ABE72292}.Debug|Any CPU.ActiveCfg = Debug|Any CPU
		{84BE91C3-BEB6-4B08-B3A5-6635ABE72292}.Debug|Any CPU.Build.0 = Debug|Any CPU
		{84BE91C3-BEB6-4B08-B3A5-6635ABE72292}.Release|Any CPU.ActiveCfg = Release|Any CPU
		{84BE91C3-BEB6-4B08-B3A5-6635ABE72292}.Release|Any CPU.Build.0 = Release|Any CPU
	EndGlobalSection
	GlobalSection(SolutionProperties) = preSolution
		HideSolutionNode = FALSE
	EndGlobalSection
	GlobalSection(ExtensibilityGlobals) = postSolution
		SolutionGuid = {0D914D75-E3B8-4A81-BE12-3269B13D85FB}
	EndGlobalSection
EndGlobal
